// !$*UTF8*$!
{
	archiveVersion = 1;
	classes = {
	};
	objectVersion = 77;
	objects = {

/* Begin PBXBuildFile section */
		6135DBF32DD5A657004DB786 /* Emotion.swift in Sources */ = {isa = PBXBuildFile; fileRef = 6135DBF22DD5A64F004DB786 /* Emotion.swift */; };
		6135DBF52DD5A671004DB786 /* EmotionDataLoader.swift in Sources */ = {isa = PBXBuildFile; fileRef = 6135DBF42DD5A670004DB786 /* EmotionDataLoader.swift */; };
		6135DBF72DD5A683004DB786 /* EmotionViewModel.swift in Sources */ = {isa = PBXBuildFile; fileRef = 6135DBF62DD5A682004DB786 /* EmotionViewModel.swift */; };
		6135DBFB2DD5A6BC004DB786 /* ConversationTreeView.swift in Sources */ = {isa = PBXBuildFile; fileRef = 6135DBFA2DD5A6AC004DB786 /* ConversationTreeView.swift */; };
		6135DC112DD5ABC0004DB786 /* mad_sound.wav in Resources */ = {isa = PBXBuildFile; fileRef = 6135DC0D2DD5ABC0004DB786 /* mad_sound.wav */; };
		6135DC122DD5ABC0004DB786 /* scared_sound.wav in Resources */ = {isa = PBXBuildFile; fileRef = 6135DC0F2DD5ABC0004DB786 /* scared_sound.wav */; };
		6135DC132DD5ABC0004DB786 /* tired_sound.wav in Resources */ = {isa = PBXBuildFile; fileRef = 6135DC102DD5ABC0004DB786 /* tired_sound.wav */; };
		6135DC142DD5ABC0004DB786 /* curious_sound.wav in Resources */ = {isa = PBXBuildFile; fileRef = 6135DC0A2DD5ABC0004DB786 /* curious_sound.wav */; };
		6135DC152DD5ABC0004DB786 /* love_sound.wav in Resources */ = {isa = PBXBuildFile; fileRef = 6135DC0C2DD5ABC0004DB786 /* love_sound.wav */; };
		6135DC162DD5ABC0004DB786 /* sad_sound.wav in Resources */ = {isa = PBXBuildFile; fileRef = 6135DC0E2DD5ABC0004DB786 /* sad_sound.wav */; };
		6135DC172DD5ABC0004DB786 /* happy_sound.wav in Resources */ = {isa = PBXBuildFile; fileRef = 6135DC0B2DD5ABC0004DB786 /* happy_sound.wav */; };
		617D256E2DD5B690003CE940 /* EmotionWheelItem.swift in Sources */ = {isa = PBXBuildFile; fileRef = 617D256D2DD5B687003CE940 /* EmotionWheelItem.swift */; };
		617D25742DD5B74F003CE940 /* HapticScrollDetector.swift in Sources */ = {isa = PBXBuildFile; fileRef = 617D25732DD5B74E003CE940 /* HapticScrollDetector.swift */; };
		617D25762DD6A918003CE940 /* EmotionCarouselView.swift in Sources */ = {isa = PBXBuildFile; fileRef = 617D25752DD6A912003CE940 /* EmotionCarouselView.swift */; };
/* End PBXBuildFile section */

/* Begin PBXFileReference section */
		6135DBDC2DD5A5AE004DB786 /* G@C_MVP.app */ = {isa = PBXFileReference; explicitFileType = wrapper.application; includeInIndex = 0; path = "G@C_MVP.app"; sourceTree = BUILT_PRODUCTS_DIR; };
		6135DBF22DD5A64F004DB786 /* Emotion.swift */ = {isa = PBXFileReference; lastKnownFileType = sourcecode.swift; path = Emotion.swift; sourceTree = "<group>"; };
		6135DBF42DD5A670004DB786 /* EmotionDataLoader.swift */ = {isa = PBXFileReference; lastKnownFileType = sourcecode.swift; path = EmotionDataLoader.swift; sourceTree = "<group>"; };
		6135DBF62DD5A682004DB786 /* EmotionViewModel.swift */ = {isa = PBXFileReference; lastKnownFileType = sourcecode.swift; path = EmotionViewModel.swift; sourceTree = "<group>"; };
		6135DBFA2DD5A6AC004DB786 /* ConversationTreeView.swift */ = {isa = PBXFileReference; lastKnownFileType = sourcecode.swift; path = ConversationTreeView.swift; sourceTree = "<group>"; };
		6135DC0A2DD5ABC0004DB786 /* curious_sound.wav */ = {isa = PBXFileReference; lastKnownFileType = audio.wav; path = curious_sound.wav; sourceTree = "<group>"; };
		6135DC0B2DD5ABC0004DB786 /* happy_sound.wav */ = {isa = PBXFileReference; lastKnownFileType = audio.wav; path = happy_sound.wav; sourceTree = "<group>"; };
		6135DC0C2DD5ABC0004DB786 /* love_sound.wav */ = {isa = PBXFileReference; lastKnownFileType = audio.wav; path = love_sound.wav; sourceTree = "<group>"; };
		6135DC0D2DD5ABC0004DB786 /* mad_sound.wav */ = {isa = PBXFileReference; lastKnownFileType = audio.wav; path = mad_sound.wav; sourceTree = "<group>"; };
		6135DC0E2DD5ABC0004DB786 /* sad_sound.wav */ = {isa = PBXFileReference; lastKnownFileType = audio.wav; path = sad_sound.wav; sourceTree = "<group>"; };
		6135DC0F2DD5ABC0004DB786 /* scared_sound.wav */ = {isa = PBXFileReference; lastKnownFileType = audio.wav; path = scared_sound.wav; sourceTree = "<group>"; };
		6135DC102DD5ABC0004DB786 /* tired_sound.wav */ = {isa = PBXFileReference; lastKnownFileType = audio.wav; path = tired_sound.wav; sourceTree = "<group>"; };
		617D256D2DD5B687003CE940 /* EmotionWheelItem.swift */ = {isa = PBXFileReference; lastKnownFileType = sourcecode.swift; path = EmotionWheelItem.swift; sourceTree = "<group>"; };
		617D25732DD5B74E003CE940 /* HapticScrollDetector.swift */ = {isa = PBXFileReference; lastKnownFileType = sourcecode.swift; path = HapticScrollDetector.swift; sourceTree = "<group>"; };
		617D25752DD6A912003CE940 /* EmotionCarouselView.swift */ = {isa = PBXFileReference; lastKnownFileType = sourcecode.swift; path = EmotionCarouselView.swift; sourceTree = "<group>"; };
/* End PBXFileReference section */

/* Begin PBXFileSystemSynchronizedRootGroup section */
		6135DBDE2DD5A5AE004DB786 /* G@C_MVP */ = {
			isa = PBXFileSystemSynchronizedRootGroup;
			path = "G@C_MVP";
			sourceTree = "<group>";
		};
/* End PBXFileSystemSynchronizedRootGroup section */

/* Begin PBXFrameworksBuildPhase section */
		6135DBD92DD5A5AE004DB786 /* Frameworks */ = {
			isa = PBXFrameworksBuildPhase;
			buildActionMask = 2147483647;
			files = (
			);
			runOnlyForDeploymentPostprocessing = 0;
		};
/* End PBXFrameworksBuildPhase section */

/* Begin PBXGroup section */
		6135DBD32DD5A5AE004DB786 = {
			isa = PBXGroup;
			children = (
				6135DBEC2DD5A5F1004DB786 /* Models */,
				6135DBDD2DD5A5AE004DB786 /* Products */,
				6135DC0A2DD5ABC0004DB786 /* curious_sound.wav */,
				6135DC0B2DD5ABC0004DB786 /* happy_sound.wav */,
				6135DC0C2DD5ABC0004DB786 /* love_sound.wav */,
				6135DC0D2DD5ABC0004DB786 /* mad_sound.wav */,
				6135DC0E2DD5ABC0004DB786 /* sad_sound.wav */,
				6135DC0F2DD5ABC0004DB786 /* scared_sound.wav */,
				6135DC102DD5ABC0004DB786 /* tired_sound.wav */,
			);
			sourceTree = "<group>";
		};
		6135DBDD2DD5A5AE004DB786 /* Products */ = {
			isa = PBXGroup;
			children = (
				6135DBDC2DD5A5AE004DB786 /* G@C_MVP.app */,
			);
			name = Products;
			sourceTree = "<group>";
		};
		6135DBEC2DD5A5F1004DB786 /* Models */ = {
			isa = PBXGroup;
			children = (
				6135DBF12DD5A63C004DB786 /* Views */,
				6135DBEF2DD5A622004DB786 /* ViewModels */,
				6135DBEE2DD5A61C004DB786 /* Models */,
				6135DBDE2DD5A5AE004DB786 /* G@C_MVP */,
			);
			path = Models;
			sourceTree = "<group>";
		};
		6135DBEE2DD5A61C004DB786 /* Models */ = {
			isa = PBXGroup;
			children = (
				6135DBF42DD5A670004DB786 /* EmotionDataLoader.swift */,
				6135DBF22DD5A64F004DB786 /* Emotion.swift */,
			);
			path = Models;
			sourceTree = "<group>";
		};
		6135DBEF2DD5A622004DB786 /* ViewModels */ = {
			isa = PBXGroup;
			children = (
				6135DBF62DD5A682004DB786 /* EmotionViewModel.swift */,
			);
			path = ViewModels;
			sourceTree = "<group>";
		};
		6135DBF12DD5A63C004DB786 /* Views */ = {
			isa = PBXGroup;
			children = (
				617D25752DD6A912003CE940 /* EmotionCarouselView.swift */,
				617D25732DD5B74E003CE940 /* HapticScrollDetector.swift */,
				617D256D2DD5B687003CE940 /* EmotionWheelItem.swift */,
				6135DBFA2DD5A6AC004DB786 /* ConversationTreeView.swift */,
			);
			path = Views;
			sourceTree = "<group>";
		};
/* End PBXGroup section */

/* Begin PBXNativeTarget section */
		6135DBDB2DD5A5AE004DB786 /* G@C_MVP */ = {
			isa = PBXNativeTarget;
			buildConfigurationList = 6135DBE92DD5A5AF004DB786 /* Build configuration list for PBXNativeTarget "G@C_MVP" */;
			buildPhases = (
				6135DBD82DD5A5AE004DB786 /* Sources */,
				6135DBD92DD5A5AE004DB786 /* Frameworks */,
				6135DBDA2DD5A5AE004DB786 /* Resources */,
			);
			buildRules = (
			);
			dependencies = (
			);
			fileSystemSynchronizedGroups = (
				6135DBDE2DD5A5AE004DB786 /* G@C_MVP */,
			);
			name = "G@C_MVP";
			packageProductDependencies = (
			);
			productName = "G@C_MVP";
			productReference = 6135DBDC2DD5A5AE004DB786 /* G@C_MVP.app */;
			productType = "com.apple.product-type.application";
		};
/* End PBXNativeTarget section */

/* Begin PBXProject section */
		6135DBD42DD5A5AE004DB786 /* Project object */ = {
			isa = PBXProject;
			attributes = {
				BuildIndependentTargetsInParallel = 1;
				LastSwiftUpdateCheck = 1630;
				LastUpgradeCheck = 1630;
				TargetAttributes = {
					6135DBDB2DD5A5AE004DB786 = {
						CreatedOnToolsVersion = 16.3;
					};
				};
			};
			buildConfigurationList = 6135DBD72DD5A5AE004DB786 /* Build configuration list for PBXProject "G@C_MVP" */;
			developmentRegion = en;
			hasScannedForEncodings = 0;
			knownRegions = (
				en,
				Base,
			);
			mainGroup = 6135DBD32DD5A5AE004DB786;
			minimizedProjectReferenceProxies = 1;
			preferredProjectObjectVersion = 77;
			productRefGroup = 6135DBDD2DD5A5AE004DB786 /* Products */;
			projectDirPath = "";
			projectRoot = "";
			targets = (
				6135DBDB2DD5A5AE004DB786 /* G@C_MVP */,
			);
		};
/* End PBXProject section */

/* Begin PBXResourcesBuildPhase section */
		6135DBDA2DD5A5AE004DB786 /* Resources */ = {
			isa = PBXResourcesBuildPhase;
			buildActionMask = 2147483647;
			files = (
				6135DC112DD5ABC0004DB786 /* mad_sound.wav in Resources */,
				6135DC122DD5ABC0004DB786 /* scared_sound.wav in Resources */,
				6135DC132DD5ABC0004DB786 /* tired_sound.wav in Resources */,
				6135DC142DD5ABC0004DB786 /* curious_sound.wav in Resources */,
				6135DC152DD5ABC0004DB786 /* love_sound.wav in Resources */,
				6135DC162DD5ABC0004DB786 /* sad_sound.wav in Resources */,
				6135DC172DD5ABC0004DB786 /* happy_sound.wav in Resources */,
			);
			runOnlyForDeploymentPostprocessing = 0;
		};
/* End PBXResourcesBuildPhase section */

/* Begin PBXSourcesBuildPhase section */
		6135DBD82DD5A5AE004DB786 /* Sources */ = {
			isa = PBXSourcesBuildPhase;
			buildActionMask = 2147483647;
			files = (
				6135DBFB2DD5A6BC004DB786 /* ConversationTreeView.swift in Sources */,
				617D25742DD5B74F003CE940 /* HapticScrollDetector.swift in Sources */,
				617D25762DD6A918003CE940 /* EmotionCarouselView.swift in Sources */,
				617D256E2DD5B690003CE940 /* EmotionWheelItem.swift in Sources */,
				6135DBF32DD5A657004DB786 /* Emotion.swift in Sources */,
				6135DBF72DD5A683004DB786 /* EmotionViewModel.swift in Sources */,
				6135DBF52DD5A671004DB786 /* EmotionDataLoader.swift in Sources */,
			);
			runOnlyForDeploymentPostprocessing = 0;
		};
/* End PBXSourcesBuildPhase section */

/* Begin XCBuildConfiguration section */
		6135DBE72DD5A5AF004DB786 /* Debug */ = {
			isa = XCBuildConfiguration;
			buildSettings = {
				ALWAYS_SEARCH_USER_PATHS = NO;
				ASSETCATALOG_COMPILER_GENERATE_SWIFT_ASSET_SYMBOL_EXTENSIONS = YES;
				CLANG_ANALYZER_NONNULL = YES;
				CLANG_ANALYZER_NUMBER_OBJECT_CONVERSION = YES_AGGRESSIVE;
				CLANG_CXX_LANGUAGE_STANDARD = "gnu++20";
				CLANG_ENABLE_MODULES = YES;
				CLANG_ENABLE_OBJC_ARC = YES;
				CLANG_ENABLE_OBJC_WEAK = YES;
				CLANG_WARN_BLOCK_CAPTURE_AUTORELEASING = YES;
				CLANG_WARN_BOOL_CONVERSION = YES;
				CLANG_WARN_COMMA = YES;
				CLANG_WARN_CONSTANT_CONVERSION = YES;
				CLANG_WARN_DEPRECATED_OBJC_IMPLEMENTATIONS = YES;
				CLANG_WARN_DIRECT_OBJC_ISA_USAGE = YES_ERROR;
				CLANG_WARN_DOCUMENTATION_COMMENTS = YES;
				CLANG_WARN_EMPTY_BODY = YES;
				CLANG_WARN_ENUM_CONVERSION = YES;
				CLANG_WARN_INFINITE_RECURSION = YES;
				CLANG_WARN_INT_CONVERSION = YES;
				CLANG_WARN_NON_LITERAL_NULL_CONVERSION = YES;
				CLANG_WARN_OBJC_IMPLICIT_RETAIN_SELF = YES;
				CLANG_WARN_OBJC_LITERAL_CONVERSION = YES;
				CLANG_WARN_OBJC_ROOT_CLASS = YES_ERROR;
				CLANG_WARN_QUOTED_INCLUDE_IN_FRAMEWORK_HEADER = YES;
				CLANG_WARN_RANGE_LOOP_ANALYSIS = YES;
				CLANG_WARN_STRICT_PROTOTYPES = YES;
				CLANG_WARN_SUSPICIOUS_MOVE = YES;
				CLANG_WARN_UNGUARDED_AVAILABILITY = YES_AGGRESSIVE;
				CLANG_WARN_UNREACHABLE_CODE = YES;
				CLANG_WARN__DUPLICATE_METHOD_MATCH = YES;
				COPY_PHASE_STRIP = NO;
				DEBUG_INFORMATION_FORMAT = dwarf;
				DEVELOPMENT_TEAM = D27VBBFQR2;
				ENABLE_STRICT_OBJC_MSGSEND = YES;
				ENABLE_TESTABILITY = YES;
				ENABLE_USER_SCRIPT_SANDBOXING = YES;
				GCC_C_LANGUAGE_STANDARD = gnu17;
				GCC_DYNAMIC_NO_PIC = NO;
				GCC_NO_COMMON_BLOCKS = YES;
				GCC_OPTIMIZATION_LEVEL = 0;
				GCC_PREPROCESSOR_DEFINITIONS = (
					"DEBUG=1",
					"$(inherited)",
				);
				GCC_WARN_64_TO_32_BIT_CONVERSION = YES;
				GCC_WARN_ABOUT_RETURN_TYPE = YES_ERROR;
				GCC_WARN_UNDECLARED_SELECTOR = YES;
				GCC_WARN_UNINITIALIZED_AUTOS = YES_AGGRESSIVE;
				GCC_WARN_UNUSED_FUNCTION = YES;
				GCC_WARN_UNUSED_VARIABLE = YES;
				IPHONEOS_DEPLOYMENT_TARGET = 18.4;
				LOCALIZATION_PREFERS_STRING_CATALOGS = YES;
				MTL_ENABLE_DEBUG_INFO = INCLUDE_SOURCE;
				MTL_FAST_MATH = YES;
				ONLY_ACTIVE_ARCH = YES;
				SDKROOT = iphoneos;
				SWIFT_ACTIVE_COMPILATION_CONDITIONS = "DEBUG $(inherited)";
				SWIFT_OPTIMIZATION_LEVEL = "-Onone";
			};
			name = Debug;
		};
		6135DBE82DD5A5AF004DB786 /* Release */ = {
			isa = XCBuildConfiguration;
			buildSettings = {
				ALWAYS_SEARCH_USER_PATHS = NO;
				ASSETCATALOG_COMPILER_GENERATE_SWIFT_ASSET_SYMBOL_EXTENSIONS = YES;
				CLANG_ANALYZER_NONNULL = YES;
				CLANG_ANALYZER_NUMBER_OBJECT_CONVERSION = YES_AGGRESSIVE;
				CLANG_CXX_LANGUAGE_STANDARD = "gnu++20";
				CLANG_ENABLE_MODULES = YES;
				CLANG_ENABLE_OBJC_ARC = YES;
				CLANG_ENABLE_OBJC_WEAK = YES;
				CLANG_WARN_BLOCK_CAPTURE_AUTORELEASING = YES;
				CLANG_WARN_BOOL_CONVERSION = YES;
				CLANG_WARN_COMMA = YES;
				CLANG_WARN_CONSTANT_CONVERSION = YES;
				CLANG_WARN_DEPRECATED_OBJC_IMPLEMENTATIONS = YES;
				CLANG_WARN_DIRECT_OBJC_ISA_USAGE = YES_ERROR;
				CLANG_WARN_DOCUMENTATION_COMMENTS = YES;
				CLANG_WARN_EMPTY_BODY = YES;
				CLANG_WARN_ENUM_CONVERSION = YES;
				CLANG_WARN_INFINITE_RECURSION = YES;
				CLANG_WARN_INT_CONVERSION = YES;
				CLANG_WARN_NON_LITERAL_NULL_CONVERSION = YES;
				CLANG_WARN_OBJC_IMPLICIT_RETAIN_SELF = YES;
				CLANG_WARN_OBJC_LITERAL_CONVERSION = YES;
				CLANG_WARN_OBJC_ROOT_CLASS = YES_ERROR;
				CLANG_WARN_QUOTED_INCLUDE_IN_FRAMEWORK_HEADER = YES;
				CLANG_WARN_RANGE_LOOP_ANALYSIS = YES;
				CLANG_WARN_STRICT_PROTOTYPES = YES;
				CLANG_WARN_SUSPICIOUS_MOVE = YES;
				CLANG_WARN_UNGUARDED_AVAILABILITY = YES_AGGRESSIVE;
				CLANG_WARN_UNREACHABLE_CODE = YES;
				CLANG_WARN__DUPLICATE_METHOD_MATCH = YES;
				COPY_PHASE_STRIP = NO;
				DEBUG_INFORMATION_FORMAT = "dwarf-with-dsym";
				DEVELOPMENT_TEAM = D27VBBFQR2;
				ENABLE_NS_ASSERTIONS = NO;
				ENABLE_STRICT_OBJC_MSGSEND = YES;
				ENABLE_USER_SCRIPT_SANDBOXING = YES;
				GCC_C_LANGUAGE_STANDARD = gnu17;
				GCC_NO_COMMON_BLOCKS = YES;
				GCC_WARN_64_TO_32_BIT_CONVERSION = YES;
				GCC_WARN_ABOUT_RETURN_TYPE = YES_ERROR;
				GCC_WARN_UNDECLARED_SELECTOR = YES;
				GCC_WARN_UNINITIALIZED_AUTOS = YES_AGGRESSIVE;
				GCC_WARN_UNUSED_FUNCTION = YES;
				GCC_WARN_UNUSED_VARIABLE = YES;
				IPHONEOS_DEPLOYMENT_TARGET = 18.4;
				LOCALIZATION_PREFERS_STRING_CATALOGS = YES;
				MTL_ENABLE_DEBUG_INFO = NO;
				MTL_FAST_MATH = YES;
				SDKROOT = iphoneos;
				SWIFT_COMPILATION_MODE = wholemodule;
				VALIDATE_PRODUCT = YES;
			};
			name = Release;
		};
		6135DBEA2DD5A5AF004DB786 /* Debug */ = {
			isa = XCBuildConfiguration;
			buildSettings = {
				ASSETCATALOG_COMPILER_APPICON_NAME = AppIcon;
				ASSETCATALOG_COMPILER_GLOBAL_ACCENT_COLOR_NAME = AccentColor;
				CODE_SIGN_STYLE = Automatic;
				CURRENT_PROJECT_VERSION = 1;
				DEVELOPMENT_TEAM = D27VBBFQR2;
				ENABLE_PREVIEWS = YES;
				GENERATE_INFOPLIST_FILE = YES;
				INFOPLIST_KEY_UIApplicationSceneManifest_Generation = YES;
				INFOPLIST_KEY_UIApplicationSupportsIndirectInputEvents = YES;
				INFOPLIST_KEY_UILaunchScreen_Generation = YES;
				INFOPLIST_KEY_UISupportedInterfaceOrientations_iPad = "UIInterfaceOrientationPortrait UIInterfaceOrientationPortraitUpsideDown UIInterfaceOrientationLandscapeLeft UIInterfaceOrientationLandscapeRight";
				INFOPLIST_KEY_UISupportedInterfaceOrientations_iPhone = "UIInterfaceOrientationPortrait UIInterfaceOrientationLandscapeLeft UIInterfaceOrientationLandscapeRight";
				LD_RUNPATH_SEARCH_PATHS = (
					"$(inherited)",
					"@executable_path/Frameworks",
				);
				MARKETING_VERSION = 1.0;
				PRODUCT_BUNDLE_IDENTIFIER = "com.growthatcommunication.G-C-MVP";
				PRODUCT_NAME = "$(TARGET_NAME)";
				SWIFT_EMIT_LOC_STRINGS = YES;
				SWIFT_VERSION = 5.0;
				TARGETED_DEVICE_FAMILY = "1,2";
			};
			name = Debug;
		};
		6135DBEB2DD5A5AF004DB786 /* Release */ = {
			isa = XCBuildConfiguration;
			buildSettings = {
				ASSETCATALOG_COMPILER_APPICON_NAME = AppIcon;
				ASSETCATALOG_COMPILER_GLOBAL_ACCENT_COLOR_NAME = AccentColor;
				CODE_SIGN_STYLE = Automatic;
				CURRENT_PROJECT_VERSION = 1;
				DEVELOPMENT_TEAM = D27VBBFQR2;
				ENABLE_PREVIEWS = YES;
				GENERATE_INFOPLIST_FILE = YES;
				INFOPLIST_KEY_UIApplicationSceneManifest_Generation = YES;
				INFOPLIST_KEY_UIApplicationSupportsIndirectInputEvents = YES;
				INFOPLIST_KEY_UILaunchScreen_Generation = YES;
				INFOPLIST_KEY_UISupportedInterfaceOrientations_iPad = "UIInterfaceOrientationPortrait UIInterfaceOrientationPortraitUpsideDown UIInterfaceOrientationLandscapeLeft UIInterfaceOrientationLandscapeRight";
				INFOPLIST_KEY_UISupportedInterfaceOrientations_iPhone = "UIInterfaceOrientationPortrait UIInterfaceOrientationLandscapeLeft UIInterfaceOrientationLandscapeRight";
				LD_RUNPATH_SEARCH_PATHS = (
					"$(inherited)",
					"@executable_path/Frameworks",
				);
				MARKETING_VERSION = 1.0;
				PRODUCT_BUNDLE_IDENTIFIER = "com.growthatcommunication.G-C-MVP";
				PRODUCT_NAME = "$(TARGET_NAME)";
				SWIFT_EMIT_LOC_STRINGS = YES;
				SWIFT_VERSION = 5.0;
				TARGETED_DEVICE_FAMILY = "1,2";
			};
			name = Release;
		};
/* End XCBuildConfiguration section */

/* Begin XCConfigurationList section */
		6135DBD72DD5A5AE004DB786 /* Build configuration list for PBXProject "G@C_MVP" */ = {
			isa = XCConfigurationList;
			buildConfigurations = (
				6135DBE72DD5A5AF004DB786 /* Debug */,
				6135DBE82DD5A5AF004DB786 /* Release */,
			);
			defaultConfigurationIsVisible = 0;
			defaultConfigurationName = Release;
		};
		6135DBE92DD5A5AF004DB786 /* Build configuration list for PBXNativeTarget "G@C_MVP" */ = {
			isa = XCConfigurationList;
			buildConfigurations = (
				6135DBEA2DD5A5AF004DB786 /* Debug */,
				6135DBEB2DD5A5AF004DB786 /* Release */,
			);
			defaultConfigurationIsVisible = 0;
			defaultConfigurationName = Release;
		};
/* End XCConfigurationList section */
	};
	rootObject = 6135DBD42DD5A5AE004DB786 /* Project object */;
}
